
Microsoft Visual Studio Solution File, Format Version 12.00
# Visual Studio Version 17
VisualStudioVersion = 17.5.002.0
MinimumVisualStudioVersion = 10.0.40219.1
Project("{9A19103F-16F7-4668-BE54-9A1E7A4F7556}") = "practica7-Cintia-Alvardo", "practica7-Cintia-Alvardo.csproj", "{D4C15D31-0117-42EF-9FB1-65AAEC75D7E6}"
EndProject
Global
	GlobalSection(SolutionConfigurationPlatforms) = preSolution
		Debug|Any CPU = Debug|Any CPU
		Release|Any CPU = Release|Any CPU
	EndGlobalSection
	GlobalSection(ProjectConfigurationPlatforms) = postSolution
		{D4C15D31-0117-42EF-9FB1-65AAEC75D7E6}.Debug|Any CPU.ActiveCfg = Debug|Any CPU
		{D4C15D31-0117-42EF-9FB1-65AAEC75D7E6}.Debug|Any CPU.Build.0 = Debug|Any CPU
		{D4C15D31-0117-42EF-9FB1-65AAEC75D7E6}.Release|Any CPU.ActiveCfg = Release|Any CPU
		{D4C15D31-0117-42EF-9FB1-65AAEC75D7E6}.Release|Any CPU.Build.0 = Release|Any CPU
	EndGlobalSection
	GlobalSection(SolutionProperties) = preSolution
		HideSolutionNode = FALSE
	EndGlobalSection
	GlobalSection(ExtensibilityGlobals) = postSolution
		SolutionGuid = {3F79F2DD-049A-4E36-9F8C-6520C5628FF6}
	EndGlobalSection
EndGlobal
